// !$*UTF8*$!
{
	archiveVersion = 1;
	classes = {
	};
	objectVersion = 46;
	objects = {

/* Begin PBXBuildFile section */
		6696BD0E083B3568622E0F36 /* Pods_People.framework in Frameworks */ = {isa = PBXBuildFile; fileRef = D07F74C8869C4A50A105D3B2 /* Pods_People.framework */; };
		BD2AFC221CD0579800622469 /* AppDelegate.swift in Sources */ = {isa = PBXBuildFile; fileRef = BD2AFC211CD0579800622469 /* AppDelegate.swift */; };
		BD2AFC241CD0579800622469 /* ViewController.swift in Sources */ = {isa = PBXBuildFile; fileRef = BD2AFC231CD0579800622469 /* ViewController.swift */; };
		BD2AFC271CD0579800622469 /* Main.storyboard in Resources */ = {isa = PBXBuildFile; fileRef = BD2AFC251CD0579800622469 /* Main.storyboard */; };
		BD2AFC2A1CD0579800622469 /* People.xcdatamodeld in Sources */ = {isa = PBXBuildFile; fileRef = BD2AFC281CD0579800622469 /* People.xcdatamodeld */; };
		BD2AFC2C1CD0579800622469 /* Assets.xcassets in Resources */ = {isa = PBXBuildFile; fileRef = BD2AFC2B1CD0579800622469 /* Assets.xcassets */; };
		BD2AFC2F1CD0579800622469 /* LaunchScreen.storyboard in Resources */ = {isa = PBXBuildFile; fileRef = BD2AFC2D1CD0579800622469 /* LaunchScreen.storyboard */; };
		BD2AFC3A1CD0579800622469 /* PeopleTests.swift in Sources */ = {isa = PBXBuildFile; fileRef = BD2AFC391CD0579800622469 /* PeopleTests.swift */; };
		BD2AFC451CD0579800622469 /* PeopleUITests.swift in Sources */ = {isa = PBXBuildFile; fileRef = BD2AFC441CD0579800622469 /* PeopleUITests.swift */; };
		BD4C677E1CD1E555005FB9B8 /* WebViewController.swift in Sources */ = {isa = PBXBuildFile; fileRef = BD4C677D1CD1E555005FB9B8 /* WebViewController.swift */; };
		BDD2DB331CD0597700DE4513 /* FBSDKCoreKit.framework in Frameworks */ = {isa = PBXBuildFile; fileRef = BDD2DB321CD0597700DE4513 /* FBSDKCoreKit.framework */; };
		BDD2DB351CD05C0400DE4513 /* FBSDKLoginKit.framework in Frameworks */ = {isa = PBXBuildFile; fileRef = BDD2DB341CD05C0400DE4513 /* FBSDKLoginKit.framework */; };
		BDD2DB381CD060F400DE4513 /* ApiClient.swift in Sources */ = {isa = PBXBuildFile; fileRef = BDD2DB371CD060F400DE4513 /* ApiClient.swift */; };
		BDD2DB431CD0761800DE4513 /* EventTableView.swift in Sources */ = {isa = PBXBuildFile; fileRef = BDD2DB421CD0761800DE4513 /* EventTableView.swift */; };
		BDD2DB451CD078E200DE4513 /* SearchViewController.swift in Sources */ = {isa = PBXBuildFile; fileRef = BDD2DB441CD078E200DE4513 /* SearchViewController.swift */; };
		BDD2DB481CD1386400DE4513 /* EventTableViewCell.swift in Sources */ = {isa = PBXBuildFile; fileRef = BDD2DB461CD1386400DE4513 /* EventTableViewCell.swift */; };
		BDD2DB491CD1386400DE4513 /* EventTableViewCell.xib in Resources */ = {isa = PBXBuildFile; fileRef = BDD2DB471CD1386400DE4513 /* EventTableViewCell.xib */; };
		BDD2DB4B1CD13CC000DE4513 /* Event.swift in Sources */ = {isa = PBXBuildFile; fileRef = BDD2DB4A1CD13CC000DE4513 /* Event.swift */; };
		BDD2DB4D1CD142FD00DE4513 /* StringExtension.swift in Sources */ = {isa = PBXBuildFile; fileRef = BDD2DB4C1CD142FD00DE4513 /* StringExtension.swift */; };
		BDD2DB4F1CD1488E00DE4513 /* Attendee.swift in Sources */ = {isa = PBXBuildFile; fileRef = BDD2DB4E1CD1488E00DE4513 /* Attendee.swift */; };
		BDD2DB521CD19F6800DE4513 /* PersonCollectionViewCell.swift in Sources */ = {isa = PBXBuildFile; fileRef = BDD2DB501CD19F6800DE4513 /* PersonCollectionViewCell.swift */; };
		BDD2DB531CD19F6800DE4513 /* PersonCollectionViewCell.xib in Resources */ = {isa = PBXBuildFile; fileRef = BDD2DB511CD19F6800DE4513 /* PersonCollectionViewCell.xib */; };
		BDD2DB551CD1A32200DE4513 /* EventDetailViewController.swift in Sources */ = {isa = PBXBuildFile; fileRef = BDD2DB541CD1A32200DE4513 /* EventDetailViewController.swift */; };
		BDD2DB571CD1A38100DE4513 /* PersonCollectionView.swift in Sources */ = {isa = PBXBuildFile; fileRef = BDD2DB561CD1A38100DE4513 /* PersonCollectionView.swift */; };
/* End PBXBuildFile section */

/* Begin PBXContainerItemProxy section */
		BD2AFC361CD0579800622469 /* PBXContainerItemProxy */ = {
			isa = PBXContainerItemProxy;
			containerPortal = BD2AFC161CD0579800622469 /* Project object */;
			proxyType = 1;
			remoteGlobalIDString = BD2AFC1D1CD0579800622469;
			remoteInfo = People;
		};
		BD2AFC411CD0579800622469 /* PBXContainerItemProxy */ = {
			isa = PBXContainerItemProxy;
			containerPortal = BD2AFC161CD0579800622469 /* Project object */;
			proxyType = 1;
			remoteGlobalIDString = BD2AFC1D1CD0579800622469;
			remoteInfo = People;
		};
/* End PBXContainerItemProxy section */

/* Begin PBXFileReference section */
		206EFD9CF42916A9BCB534B4 /* Pods-People.debug.xcconfig */ = {isa = PBXFileReference; includeInIndex = 1; lastKnownFileType = text.xcconfig; name = "Pods-People.debug.xcconfig"; path = "Pods/Target Support Files/Pods-People/Pods-People.debug.xcconfig"; sourceTree = "<group>"; };
		BD2AFC1E1CD0579800622469 /* People.app */ = {isa = PBXFileReference; explicitFileType = wrapper.application; includeInIndex = 0; path = People.app; sourceTree = BUILT_PRODUCTS_DIR; };
		BD2AFC211CD0579800622469 /* AppDelegate.swift */ = {isa = PBXFileReference; lastKnownFileType = sourcecode.swift; path = AppDelegate.swift; sourceTree = "<group>"; };
		BD2AFC231CD0579800622469 /* ViewController.swift */ = {isa = PBXFileReference; lastKnownFileType = sourcecode.swift; path = ViewController.swift; sourceTree = "<group>"; };
		BD2AFC261CD0579800622469 /* Base */ = {isa = PBXFileReference; lastKnownFileType = file.storyboard; name = Base; path = Base.lproj/Main.storyboard; sourceTree = "<group>"; };
		BD2AFC291CD0579800622469 /* People.xcdatamodel */ = {isa = PBXFileReference; lastKnownFileType = wrapper.xcdatamodel; path = People.xcdatamodel; sourceTree = "<group>"; };
		BD2AFC2B1CD0579800622469 /* Assets.xcassets */ = {isa = PBXFileReference; lastKnownFileType = folder.assetcatalog; path = Assets.xcassets; sourceTree = "<group>"; };
		BD2AFC2E1CD0579800622469 /* Base */ = {isa = PBXFileReference; lastKnownFileType = file.storyboard; name = Base; path = Base.lproj/LaunchScreen.storyboard; sourceTree = "<group>"; };
		BD2AFC301CD0579800622469 /* Info.plist */ = {isa = PBXFileReference; lastKnownFileType = text.plist.xml; path = Info.plist; sourceTree = "<group>"; };
		BD2AFC351CD0579800622469 /* PeopleTests.xctest */ = {isa = PBXFileReference; explicitFileType = wrapper.cfbundle; includeInIndex = 0; path = PeopleTests.xctest; sourceTree = BUILT_PRODUCTS_DIR; };
		BD2AFC391CD0579800622469 /* PeopleTests.swift */ = {isa = PBXFileReference; lastKnownFileType = sourcecode.swift; path = PeopleTests.swift; sourceTree = "<group>"; };
		BD2AFC3B1CD0579800622469 /* Info.plist */ = {isa = PBXFileReference; lastKnownFileType = text.plist.xml; path = Info.plist; sourceTree = "<group>"; };
		BD2AFC401CD0579800622469 /* PeopleUITests.xctest */ = {isa = PBXFileReference; explicitFileType = wrapper.cfbundle; includeInIndex = 0; path = PeopleUITests.xctest; sourceTree = BUILT_PRODUCTS_DIR; };
		BD2AFC441CD0579800622469 /* PeopleUITests.swift */ = {isa = PBXFileReference; lastKnownFileType = sourcecode.swift; path = PeopleUITests.swift; sourceTree = "<group>"; };
		BD2AFC461CD0579800622469 /* Info.plist */ = {isa = PBXFileReference; lastKnownFileType = text.plist.xml; path = Info.plist; sourceTree = "<group>"; };
		BD4C677D1CD1E555005FB9B8 /* WebViewController.swift */ = {isa = PBXFileReference; fileEncoding = 4; lastKnownFileType = sourcecode.swift; path = WebViewController.swift; sourceTree = "<group>"; };
		BDD2DB321CD0597700DE4513 /* FBSDKCoreKit.framework */ = {isa = PBXFileReference; lastKnownFileType = wrapper.framework; name = FBSDKCoreKit.framework; path = ../../../../FacebookSDK/FBSDKCoreKit.framework; sourceTree = "<group>"; };
		BDD2DB341CD05C0400DE4513 /* FBSDKLoginKit.framework */ = {isa = PBXFileReference; lastKnownFileType = wrapper.framework; name = FBSDKLoginKit.framework; path = ../../../../FacebookSDK/FBSDKLoginKit.framework; sourceTree = "<group>"; };
		BDD2DB371CD060F400DE4513 /* ApiClient.swift */ = {isa = PBXFileReference; fileEncoding = 4; lastKnownFileType = sourcecode.swift; path = ApiClient.swift; sourceTree = "<group>"; };
		BDD2DB421CD0761800DE4513 /* EventTableView.swift */ = {isa = PBXFileReference; fileEncoding = 4; lastKnownFileType = sourcecode.swift; path = EventTableView.swift; sourceTree = "<group>"; };
		BDD2DB441CD078E200DE4513 /* SearchViewController.swift */ = {isa = PBXFileReference; fileEncoding = 4; lastKnownFileType = sourcecode.swift; path = SearchViewController.swift; sourceTree = "<group>"; };
		BDD2DB461CD1386400DE4513 /* EventTableViewCell.swift */ = {isa = PBXFileReference; fileEncoding = 4; lastKnownFileType = sourcecode.swift; path = EventTableViewCell.swift; sourceTree = "<group>"; };
		BDD2DB471CD1386400DE4513 /* EventTableViewCell.xib */ = {isa = PBXFileReference; fileEncoding = 4; lastKnownFileType = file.xib; path = EventTableViewCell.xib; sourceTree = "<group>"; };
		BDD2DB4A1CD13CC000DE4513 /* Event.swift */ = {isa = PBXFileReference; fileEncoding = 4; lastKnownFileType = sourcecode.swift; path = Event.swift; sourceTree = "<group>"; };
		BDD2DB4C1CD142FD00DE4513 /* StringExtension.swift */ = {isa = PBXFileReference; fileEncoding = 4; lastKnownFileType = sourcecode.swift; path = StringExtension.swift; sourceTree = "<group>"; };
		BDD2DB4E1CD1488E00DE4513 /* Attendee.swift */ = {isa = PBXFileReference; fileEncoding = 4; lastKnownFileType = sourcecode.swift; path = Attendee.swift; sourceTree = "<group>"; };
		BDD2DB501CD19F6800DE4513 /* PersonCollectionViewCell.swift */ = {isa = PBXFileReference; fileEncoding = 4; lastKnownFileType = sourcecode.swift; path = PersonCollectionViewCell.swift; sourceTree = "<group>"; };
		BDD2DB511CD19F6800DE4513 /* PersonCollectionViewCell.xib */ = {isa = PBXFileReference; fileEncoding = 4; lastKnownFileType = file.xib; path = PersonCollectionViewCell.xib; sourceTree = "<group>"; };
		BDD2DB541CD1A32200DE4513 /* EventDetailViewController.swift */ = {isa = PBXFileReference; fileEncoding = 4; lastKnownFileType = sourcecode.swift; path = EventDetailViewController.swift; sourceTree = "<group>"; };
		BDD2DB561CD1A38100DE4513 /* PersonCollectionView.swift */ = {isa = PBXFileReference; fileEncoding = 4; lastKnownFileType = sourcecode.swift; path = PersonCollectionView.swift; sourceTree = "<group>"; };
		D07F74C8869C4A50A105D3B2 /* Pods_People.framework */ = {isa = PBXFileReference; explicitFileType = wrapper.framework; includeInIndex = 0; path = Pods_People.framework; sourceTree = BUILT_PRODUCTS_DIR; };
		D0DDE8D82291463858E1D52C /* Pods-People.release.xcconfig */ = {isa = PBXFileReference; includeInIndex = 1; lastKnownFileType = text.xcconfig; name = "Pods-People.release.xcconfig"; path = "Pods/Target Support Files/Pods-People/Pods-People.release.xcconfig"; sourceTree = "<group>"; };
/* End PBXFileReference section */

/* Begin PBXFrameworksBuildPhase section */
		BD2AFC1B1CD0579800622469 /* Frameworks */ = {
			isa = PBXFrameworksBuildPhase;
			buildActionMask = 2147483647;
			files = (
				BDD2DB351CD05C0400DE4513 /* FBSDKLoginKit.framework in Frameworks */,
				BDD2DB331CD0597700DE4513 /* FBSDKCoreKit.framework in Frameworks */,
				6696BD0E083B3568622E0F36 /* Pods_People.framework in Frameworks */,
			);
			runOnlyForDeploymentPostprocessing = 0;
		};
		BD2AFC321CD0579800622469 /* Frameworks */ = {
			isa = PBXFrameworksBuildPhase;
			buildActionMask = 2147483647;
			files = (
			);
			runOnlyForDeploymentPostprocessing = 0;
		};
		BD2AFC3D1CD0579800622469 /* Frameworks */ = {
			isa = PBXFrameworksBuildPhase;
			buildActionMask = 2147483647;
			files = (
			);
			runOnlyForDeploymentPostprocessing = 0;
		};
/* End PBXFrameworksBuildPhase section */

/* Begin PBXGroup section */
		916895EFF493DB90E9A13AB3 /* Pods */ = {
			isa = PBXGroup;
			children = (
				206EFD9CF42916A9BCB534B4 /* Pods-People.debug.xcconfig */,
				D0DDE8D82291463858E1D52C /* Pods-People.release.xcconfig */,
			);
			name = Pods;
			sourceTree = "<group>";
		};
		BD2AFC151CD0579800622469 = {
			isa = PBXGroup;
			children = (
				BD2AFC541CD0588B00622469 /* Frameworks */,
				BD2AFC201CD0579800622469 /* People */,
				BD2AFC381CD0579800622469 /* PeopleTests */,
				BD2AFC431CD0579800622469 /* PeopleUITests */,
				BD2AFC1F1CD0579800622469 /* Products */,
				916895EFF493DB90E9A13AB3 /* Pods */,
			);
			sourceTree = "<group>";
		};
		BD2AFC1F1CD0579800622469 /* Products */ = {
			isa = PBXGroup;
			children = (
				BD2AFC1E1CD0579800622469 /* People.app */,
				BD2AFC351CD0579800622469 /* PeopleTests.xctest */,
				BD2AFC401CD0579800622469 /* PeopleUITests.xctest */,
			);
			name = Products;
			sourceTree = "<group>";
		};
		BD2AFC201CD0579800622469 /* People */ = {
			isa = PBXGroup;
			children = (
				BDD2DB361CD060E800DE4513 /* Networking */,
				BDD2DB3B1CD0744800DE4513 /* Models */,
				BDD2DB391CD0743B00DE4513 /* Views */,
				BD2AFC211CD0579800622469 /* AppDelegate.swift */,
				BDD2DB3A1CD0744200DE4513 /* Controllers */,
				BD2AFC2B1CD0579800622469 /* Assets.xcassets */,
				BD2AFC2D1CD0579800622469 /* LaunchScreen.storyboard */,
				BD2AFC301CD0579800622469 /* Info.plist */,
				BD2AFC281CD0579800622469 /* People.xcdatamodeld */,
				BDD2DB4C1CD142FD00DE4513 /* StringExtension.swift */,
			);
			path = People;
			sourceTree = "<group>";
		};
		BD2AFC381CD0579800622469 /* PeopleTests */ = {
			isa = PBXGroup;
			children = (
				BD2AFC391CD0579800622469 /* PeopleTests.swift */,
				BD2AFC3B1CD0579800622469 /* Info.plist */,
			);
			path = PeopleTests;
			sourceTree = "<group>";
		};
		BD2AFC431CD0579800622469 /* PeopleUITests */ = {
			isa = PBXGroup;
			children = (
				BD2AFC441CD0579800622469 /* PeopleUITests.swift */,
				BD2AFC461CD0579800622469 /* Info.plist */,
			);
			path = PeopleUITests;
			sourceTree = "<group>";
		};
		BD2AFC541CD0588B00622469 /* Frameworks */ = {
			isa = PBXGroup;
			children = (
				BDD2DB341CD05C0400DE4513 /* FBSDKLoginKit.framework */,
				BDD2DB321CD0597700DE4513 /* FBSDKCoreKit.framework */,
				D07F74C8869C4A50A105D3B2 /* Pods_People.framework */,
			);
			name = Frameworks;
			sourceTree = "<group>";
		};
		BDD2DB361CD060E800DE4513 /* Networking */ = {
			isa = PBXGroup;
			children = (
				BDD2DB371CD060F400DE4513 /* ApiClient.swift */,
			);
			name = Networking;
			sourceTree = "<group>";
		};
		BDD2DB391CD0743B00DE4513 /* Views */ = {
			isa = PBXGroup;
			children = (
				BD2AFC251CD0579800622469 /* Main.storyboard */,
				BDD2DB461CD1386400DE4513 /* EventTableViewCell.swift */,
				BDD2DB471CD1386400DE4513 /* EventTableViewCell.xib */,
				BDD2DB421CD0761800DE4513 /* EventTableView.swift */,
				BDD2DB501CD19F6800DE4513 /* PersonCollectionViewCell.swift */,
				BDD2DB511CD19F6800DE4513 /* PersonCollectionViewCell.xib */,
				BDD2DB561CD1A38100DE4513 /* PersonCollectionView.swift */,
			);
			name = Views;
			sourceTree = "<group>";
		};
		BDD2DB3A1CD0744200DE4513 /* Controllers */ = {
			isa = PBXGroup;
			children = (
				BD2AFC231CD0579800622469 /* ViewController.swift */,
				BDD2DB441CD078E200DE4513 /* SearchViewController.swift */,
				BDD2DB541CD1A32200DE4513 /* EventDetailViewController.swift */,
				BD4C677D1CD1E555005FB9B8 /* WebViewController.swift */,
			);
			name = Controllers;
			sourceTree = "<group>";
		};
		BDD2DB3B1CD0744800DE4513 /* Models */ = {
			isa = PBXGroup;
			children = (
				BDD2DB4A1CD13CC000DE4513 /* Event.swift */,
				BDD2DB4E1CD1488E00DE4513 /* Attendee.swift */,
			);
			name = Models;
			sourceTree = "<group>";
		};
/* End PBXGroup section */

/* Begin PBXNativeTarget section */
		BD2AFC1D1CD0579800622469 /* People */ = {
			isa = PBXNativeTarget;
			buildConfigurationList = BD2AFC491CD0579800622469 /* Build configuration list for PBXNativeTarget "People" */;
			buildPhases = (
				48695CE11B7206A1A612B761 /* Check Pods Manifest.lock */,
				BD2AFC1A1CD0579800622469 /* Sources */,
				BD2AFC1B1CD0579800622469 /* Frameworks */,
				BD2AFC1C1CD0579800622469 /* Resources */,
				16711B89ED1A8342BD56D0B9 /* Embed Pods Frameworks */,
				DA6595229F52B5B7014C323E /* Copy Pods Resources */,
			);
			buildRules = (
			);
			dependencies = (
			);
			name = People;
			productName = People;
			productReference = BD2AFC1E1CD0579800622469 /* People.app */;
			productType = "com.apple.product-type.application";
		};
		BD2AFC341CD0579800622469 /* PeopleTests */ = {
			isa = PBXNativeTarget;
			buildConfigurationList = BD2AFC4C1CD0579800622469 /* Build configuration list for PBXNativeTarget "PeopleTests" */;
			buildPhases = (
				BD2AFC311CD0579800622469 /* Sources */,
				BD2AFC321CD0579800622469 /* Frameworks */,
				BD2AFC331CD0579800622469 /* Resources */,
			);
			buildRules = (
			);
			dependencies = (
				BD2AFC371CD0579800622469 /* PBXTargetDependency */,
			);
			name = PeopleTests;
			productName = PeopleTests;
			productReference = BD2AFC351CD0579800622469 /* PeopleTests.xctest */;
			productType = "com.apple.product-type.bundle.unit-test";
		};
		BD2AFC3F1CD0579800622469 /* PeopleUITests */ = {
			isa = PBXNativeTarget;
			buildConfigurationList = BD2AFC4F1CD0579800622469 /* Build configuration list for PBXNativeTarget "PeopleUITests" */;
			buildPhases = (
				BD2AFC3C1CD0579800622469 /* Sources */,
				BD2AFC3D1CD0579800622469 /* Frameworks */,
				BD2AFC3E1CD0579800622469 /* Resources */,
			);
			buildRules = (
			);
			dependencies = (
				BD2AFC421CD0579800622469 /* PBXTargetDependency */,
			);
			name = PeopleUITests;
			productName = PeopleUITests;
			productReference = BD2AFC401CD0579800622469 /* PeopleUITests.xctest */;
			productType = "com.apple.product-type.bundle.ui-testing";
		};
/* End PBXNativeTarget section */

/* Begin PBXProject section */
		BD2AFC161CD0579800622469 /* Project object */ = {
			isa = PBXProject;
			attributes = {
				LastSwiftUpdateCheck = 0730;
				LastUpgradeCheck = 0730;
				ORGANIZATIONNAME = "Marty Kausas";
				TargetAttributes = {
					BD2AFC1D1CD0579800622469 = {
						CreatedOnToolsVersion = 7.3;
						DevelopmentTeam = DMWCPKYXAY;
					};
					BD2AFC341CD0579800622469 = {
						CreatedOnToolsVersion = 7.3;
						TestTargetID = BD2AFC1D1CD0579800622469;
					};
					BD2AFC3F1CD0579800622469 = {
						CreatedOnToolsVersion = 7.3;
						TestTargetID = BD2AFC1D1CD0579800622469;
					};
				};
			};
			buildConfigurationList = BD2AFC191CD0579800622469 /* Build configuration list for PBXProject "People" */;
			compatibilityVersion = "Xcode 3.2";
			developmentRegion = English;
			hasScannedForEncodings = 0;
			knownRegions = (
				en,
				Base,
			);
			mainGroup = BD2AFC151CD0579800622469;
			productRefGroup = BD2AFC1F1CD0579800622469 /* Products */;
			projectDirPath = "";
			projectRoot = "";
			targets = (
				BD2AFC1D1CD0579800622469 /* People */,
				BD2AFC341CD0579800622469 /* PeopleTests */,
				BD2AFC3F1CD0579800622469 /* PeopleUITests */,
			);
		};
/* End PBXProject section */

/* Begin PBXResourcesBuildPhase section */
		BD2AFC1C1CD0579800622469 /* Resources */ = {
			isa = PBXResourcesBuildPhase;
			buildActionMask = 2147483647;
			files = (
				BDD2DB491CD1386400DE4513 /* EventTableViewCell.xib in Resources */,
				BD2AFC2F1CD0579800622469 /* LaunchScreen.storyboard in Resources */,
				BDD2DB531CD19F6800DE4513 /* PersonCollectionViewCell.xib in Resources */,
				BD2AFC2C1CD0579800622469 /* Assets.xcassets in Resources */,
				BD2AFC271CD0579800622469 /* Main.storyboard in Resources */,
			);
			runOnlyForDeploymentPostprocessing = 0;
		};
		BD2AFC331CD0579800622469 /* Resources */ = {
			isa = PBXResourcesBuildPhase;
			buildActionMask = 2147483647;
			files = (
			);
			runOnlyForDeploymentPostprocessing = 0;
		};
		BD2AFC3E1CD0579800622469 /* Resources */ = {
			isa = PBXResourcesBuildPhase;
			buildActionMask = 2147483647;
			files = (
			);
			runOnlyForDeploymentPostprocessing = 0;
		};
/* End PBXResourcesBuildPhase section */

/* Begin PBXShellScriptBuildPhase section */
		16711B89ED1A8342BD56D0B9 /* Embed Pods Frameworks */ = {
			isa = PBXShellScriptBuildPhase;
			buildActionMask = 2147483647;
			files = (
			);
			inputPaths = (
			);
			name = "Embed Pods Frameworks";
			outputPaths = (
			);
			runOnlyForDeploymentPostprocessing = 0;
			shellPath = /bin/sh;
			shellScript = "\"${SRCROOT}/Pods/Target Support Files/Pods-People/Pods-People-frameworks.sh\"\n";
			showEnvVarsInLog = 0;
		};
		48695CE11B7206A1A612B761 /* Check Pods Manifest.lock */ = {
			isa = PBXShellScriptBuildPhase;
			buildActionMask = 2147483647;
			files = (
			);
			inputPaths = (
			);
			name = "Check Pods Manifest.lock";
			outputPaths = (
			);
			runOnlyForDeploymentPostprocessing = 0;
			shellPath = /bin/sh;
			shellScript = "diff \"${PODS_ROOT}/../Podfile.lock\" \"${PODS_ROOT}/Manifest.lock\" > /dev/null\nif [[ $? != 0 ]] ; then\n    cat << EOM\nerror: The sandbox is not in sync with the Podfile.lock. Run 'pod install' or update your CocoaPods installation.\nEOM\n    exit 1\nfi\n";
			showEnvVarsInLog = 0;
		};
		DA6595229F52B5B7014C323E /* Copy Pods Resources */ = {
			isa = PBXShellScriptBuildPhase;
			buildActionMask = 2147483647;
			files = (
			);
			inputPaths = (
			);
			name = "Copy Pods Resources";
			outputPaths = (
			);
			runOnlyForDeploymentPostprocessing = 0;
			shellPath = /bin/sh;
			shellScript = "\"${SRCROOT}/Pods/Target Support Files/Pods-People/Pods-People-resources.sh\"\n";
			showEnvVarsInLog = 0;
		};
/* End PBXShellScriptBuildPhase section */

/* Begin PBXSourcesBuildPhase section */
		BD2AFC1A1CD0579800622469 /* Sources */ = {
			isa = PBXSourcesBuildPhase;
			buildActionMask = 2147483647;
			files = (
				BDD2DB571CD1A38100DE4513 /* PersonCollectionView.swift in Sources */,
				BDD2DB521CD19F6800DE4513 /* PersonCollectionViewCell.swift in Sources */,
				BDD2DB481CD1386400DE4513 /* EventTableViewCell.swift in Sources */,
				BDD2DB4B1CD13CC000DE4513 /* Event.swift in Sources */,
				BDD2DB4D1CD142FD00DE4513 /* StringExtension.swift in Sources */,
				BD2AFC241CD0579800622469 /* ViewController.swift in Sources */,
				BDD2DB4F1CD1488E00DE4513 /* Attendee.swift in Sources */,
				BDD2DB551CD1A32200DE4513 /* EventDetailViewController.swift in Sources */,
				BDD2DB451CD078E200DE4513 /* SearchViewController.swift in Sources */,
				BD2AFC2A1CD0579800622469 /* People.xcdatamodeld in Sources */,
				BDD2DB431CD0761800DE4513 /* EventTableView.swift in Sources */,
				BD4C677E1CD1E555005FB9B8 /* WebViewController.swift in Sources */,
				BD2AFC221CD0579800622469 /* AppDelegate.swift in Sources */,
				BDD2DB381CD060F400DE4513 /* ApiClient.swift in Sources */,
			);
			runOnlyForDeploymentPostprocessing = 0;
		};
		BD2AFC311CD0579800622469 /* Sources */ = {
			isa = PBXSourcesBuildPhase;
			buildActionMask = 2147483647;
			files = (
				BD2AFC3A1CD0579800622469 /* PeopleTests.swift in Sources */,
			);
			runOnlyForDeploymentPostprocessing = 0;
		};
		BD2AFC3C1CD0579800622469 /* Sources */ = {
			isa = PBXSourcesBuildPhase;
			buildActionMask = 2147483647;
			files = (
				BD2AFC451CD0579800622469 /* PeopleUITests.swift in Sources */,
			);
			runOnlyForDeploymentPostprocessing = 0;
		};
/* End PBXSourcesBuildPhase section */

/* Begin PBXTargetDependency section */
		BD2AFC371CD0579800622469 /* PBXTargetDependency */ = {
			isa = PBXTargetDependency;
			target = BD2AFC1D1CD0579800622469 /* People */;
			targetProxy = BD2AFC361CD0579800622469 /* PBXContainerItemProxy */;
		};
		BD2AFC421CD0579800622469 /* PBXTargetDependency */ = {
			isa = PBXTargetDependency;
			target = BD2AFC1D1CD0579800622469 /* People */;
			targetProxy = BD2AFC411CD0579800622469 /* PBXContainerItemProxy */;
		};
/* End PBXTargetDependency section */

/* Begin PBXVariantGroup section */
		BD2AFC251CD0579800622469 /* Main.storyboard */ = {
			isa = PBXVariantGroup;
			children = (
				BD2AFC261CD0579800622469 /* Base */,
			);
			name = Main.storyboard;
			sourceTree = "<group>";
		};
		BD2AFC2D1CD0579800622469 /* LaunchScreen.storyboard */ = {
			isa = PBXVariantGroup;
			children = (
				BD2AFC2E1CD0579800622469 /* Base */,
			);
			name = LaunchScreen.storyboard;
			sourceTree = "<group>";
		};
/* End PBXVariantGroup section */

/* Begin XCBuildConfiguration section */
		BD2AFC471CD0579800622469 /* Debug */ = {
			isa = XCBuildConfiguration;
			buildSettings = {
				ALWAYS_SEARCH_USER_PATHS = NO;
				CLANG_ANALYZER_NONNULL = YES;
				CLANG_CXX_LANGUAGE_STANDARD = "gnu++0x";
				CLANG_CXX_LIBRARY = "libc++";
				CLANG_ENABLE_MODULES = YES;
				CLANG_ENABLE_OBJC_ARC = YES;
				CLANG_WARN_BOOL_CONVERSION = YES;
				CLANG_WARN_CONSTANT_CONVERSION = YES;
				CLANG_WARN_DIRECT_OBJC_ISA_USAGE = YES_ERROR;
				CLANG_WARN_EMPTY_BODY = YES;
				CLANG_WARN_ENUM_CONVERSION = YES;
				CLANG_WARN_INT_CONVERSION = YES;
				CLANG_WARN_OBJC_ROOT_CLASS = YES_ERROR;
				CLANG_WARN_UNREACHABLE_CODE = YES;
				CLANG_WARN__DUPLICATE_METHOD_MATCH = YES;
				"CODE_SIGN_IDENTITY[sdk=iphoneos*]" = "iPhone Developer";
				COPY_PHASE_STRIP = NO;
				DEBUG_INFORMATION_FORMAT = dwarf;
				ENABLE_STRICT_OBJC_MSGSEND = YES;
				ENABLE_TESTABILITY = YES;
				GCC_C_LANGUAGE_STANDARD = gnu99;
				GCC_DYNAMIC_NO_PIC = NO;
				GCC_NO_COMMON_BLOCKS = YES;
				GCC_OPTIMIZATION_LEVEL = 0;
				GCC_PREPROCESSOR_DEFINITIONS = (
					"DEBUG=1",
					"$(inherited)",
				);
				GCC_WARN_64_TO_32_BIT_CONVERSION = YES;
				GCC_WARN_ABOUT_RETURN_TYPE = YES_ERROR;
				GCC_WARN_UNDECLARED_SELECTOR = YES;
				GCC_WARN_UNINITIALIZED_AUTOS = YES_AGGRESSIVE;
				GCC_WARN_UNUSED_FUNCTION = YES;
				GCC_WARN_UNUSED_VARIABLE = YES;
				IPHONEOS_DEPLOYMENT_TARGET = 9.3;
				MTL_ENABLE_DEBUG_INFO = YES;
				ONLY_ACTIVE_ARCH = YES;
				SDKROOT = iphoneos;
				SWIFT_OPTIMIZATION_LEVEL = "-Onone";
			};
			name = Debug;
		};
		BD2AFC481CD0579800622469 /* Release */ = {
			isa = XCBuildConfiguration;
			buildSettings = {
				ALWAYS_SEARCH_USER_PATHS = NO;
				CLANG_ANALYZER_NONNULL = YES;
				CLANG_CXX_LANGUAGE_STANDARD = "gnu++0x";
				CLANG_CXX_LIBRARY = "libc++";
				CLANG_ENABLE_MODULES = YES;
				CLANG_ENABLE_OBJC_ARC = YES;
				CLANG_WARN_BOOL_CONVERSION = YES;
				CLANG_WARN_CONSTANT_CONVERSION = YES;
				CLANG_WARN_DIRECT_OBJC_ISA_USAGE = YES_ERROR;
				CLANG_WARN_EMPTY_BODY = YES;
				CLANG_WARN_ENUM_CONVERSION = YES;
				CLANG_WARN_INT_CONVERSION = YES;
				CLANG_WARN_OBJC_ROOT_CLASS = YES_ERROR;
				CLANG_WARN_UNREACHABLE_CODE = YES;
				CLANG_WARN__DUPLICATE_METHOD_MATCH = YES;
				"CODE_SIGN_IDENTITY[sdk=iphoneos*]" = "iPhone Developer";
				COPY_PHASE_STRIP = NO;
				DEBUG_INFORMATION_FORMAT = "dwarf-with-dsym";
				ENABLE_NS_ASSERTIONS = NO;
				ENABLE_STRICT_OBJC_MSGSEND = YES;
				GCC_C_LANGUAGE_STANDARD = gnu99;
				GCC_NO_COMMON_BLOCKS = YES;
				GCC_WARN_64_TO_32_BIT_CONVERSION = YES;
				GCC_WARN_ABOUT_RETURN_TYPE = YES_ERROR;
				GCC_WARN_UNDECLARED_SELECTOR = YES;
				GCC_WARN_UNINITIALIZED_AUTOS = YES_AGGRESSIVE;
				GCC_WARN_UNUSED_FUNCTION = YES;
				GCC_WARN_UNUSED_VARIABLE = YES;
				IPHONEOS_DEPLOYMENT_TARGET = 9.3;
				MTL_ENABLE_DEBUG_INFO = NO;
				SDKROOT = iphoneos;
				VALIDATE_PRODUCT = YES;
			};
			name = Release;
		};
		BD2AFC4A1CD0579800622469 /* Debug */ = {
			isa = XCBuildConfiguration;
			baseConfigurationReference = 206EFD9CF42916A9BCB534B4 /* Pods-People.debug.xcconfig */;
			buildSettings = {
				ASSETCATALOG_COMPILER_APPICON_NAME = AppIcon;
				CODE_SIGN_IDENTITY = "iPhone Developer";
				"CODE_SIGN_IDENTITY[sdk=iphoneos*]" = "iPhone Developer";
				FRAMEWORK_SEARCH_PATHS = /Users/martynaskausas/Documents/FacebookSDK;
				INFOPLIST_FILE = People/Info.plist;
				LD_RUNPATH_SEARCH_PATHS = "$(inherited) @executable_path/Frameworks";
				PRODUCT_BUNDLE_IDENTIFIER = com.martykausas.People;
				PRODUCT_NAME = "$(TARGET_NAME)";
				PROVISIONING_PROFILE = "";
			};
			name = Debug;
		};
		BD2AFC4B1CD0579800622469 /* Release */ = {
			isa = XCBuildConfiguration;
			baseConfigurationReference = D0DDE8D82291463858E1D52C /* Pods-People.release.xcconfig */;
			buildSettings = {
				ASSETCATALOG_COMPILER_APPICON_NAME = AppIcon;
				CODE_SIGN_IDENTITY = "iPhone Developer";
				"CODE_SIGN_IDENTITY[sdk=iphoneos*]" = "iPhone Developer";
				FRAMEWORK_SEARCH_PATHS = /Users/martynaskausas/Documents/FacebookSDK;
				INFOPLIST_FILE = People/Info.plist;
				LD_RUNPATH_SEARCH_PATHS = "$(inherited) @executable_path/Frameworks";
				PRODUCT_BUNDLE_IDENTIFIER = com.martykausas.People;
				PRODUCT_NAME = "$(TARGET_NAME)";
				PROVISIONING_PROFILE = "";
			};
			name = Release;
		};
		BD2AFC4D1CD0579800622469 /* Debug */ = {
			isa = XCBuildConfiguration;
			buildSettings = {
				BUNDLE_LOADER = "$(TEST_HOST)";
				INFOPLIST_FILE = PeopleTests/Info.plist;
				LD_RUNPATH_SEARCH_PATHS = "$(inherited) @executable_path/Frameworks @loader_path/Frameworks";
				PRODUCT_BUNDLE_IDENTIFIER = com.martykausas.PeopleTests;
				PRODUCT_NAME = "$(TARGET_NAME)";
				TEST_HOST = "$(BUILT_PRODUCTS_DIR)/People.app/People";
			};
			name = Debug;
		};
		BD2AFC4E1CD0579800622469 /* Release */ = {
			isa = XCBuildConfiguration;
			buildSettings = {
				BUNDLE_LOADER = "$(TEST_HOST)";
				INFOPLIST_FILE = PeopleTests/Info.plist;
				LD_RUNPATH_SEARCH_PATHS = "$(inherited) @executable_path/Frameworks @loader_path/Frameworks";
				PRODUCT_BUNDLE_IDENTIFIER = com.martykausas.PeopleTests;
				PRODUCT_NAME = "$(TARGET_NAME)";
				TEST_HOST = "$(BUILT_PRODUCTS_DIR)/People.app/People";
			};
			name = Release;
		};
		BD2AFC501CD0579800622469 /* Debug */ = {
			isa = XCBuildConfiguration;
			buildSettings = {
				INFOPLIST_FILE = PeopleUITests/Info.plist;
				LD_RUNPATH_SEARCH_PATHS = "$(inherited) @executable_path/Frameworks @loader_path/Frameworks";
				PRODUCT_BUNDLE_IDENTIFIER = com.martykausas.PeopleUITests;
				PRODUCT_NAME = "$(TARGET_NAME)";
				TEST_TARGET_NAME = People;
			};
			name = Debug;
		};
		BD2AFC511CD0579800622469 /* Release */ = {
			isa = XCBuildConfiguration;
			buildSettings = {
				INFOPLIST_FILE = PeopleUITests/Info.plist;
				LD_RUNPATH_SEARCH_PATHS = "$(inherited) @executable_path/Frameworks @loader_path/Frameworks";
				PRODUCT_BUNDLE_IDENTIFIER = com.martykausas.PeopleUITests;
				PRODUCT_NAME = "$(TARGET_NAME)";
				TEST_TARGET_NAME = People;
			};
			name = Release;
		};
/* End XCBuildConfiguration section */

/* Begin XCConfigurationList section */
		BD2AFC191CD0579800622469 /* Build configuration list for PBXProject "People" */ = {
			isa = XCConfigurationList;
			buildConfigurations = (
				BD2AFC471CD0579800622469 /* Debug */,
				BD2AFC481CD0579800622469 /* Release */,
			);
			defaultConfigurationIsVisible = 0;
			defaultConfigurationName = Release;
		};
		BD2AFC491CD0579800622469 /* Build configuration list for PBXNativeTarget "People" */ = {
			isa = XCConfigurationList;
			buildConfigurations = (
				BD2AFC4A1CD0579800622469 /* Debug */,
				BD2AFC4B1CD0579800622469 /* Release */,
			);
			defaultConfigurationIsVisible = 0;
			defaultConfigurationName = Release;
		};
		BD2AFC4C1CD0579800622469 /* Build configuration list for PBXNativeTarget "PeopleTests" */ = {
			isa = XCConfigurationList;
			buildConfigurations = (
				BD2AFC4D1CD0579800622469 /* Debug */,
				BD2AFC4E1CD0579800622469 /* Release */,
			);
			defaultConfigurationIsVisible = 0;
			defaultConfigurationName = Release;
		};
		BD2AFC4F1CD0579800622469 /* Build configuration list for PBXNativeTarget "PeopleUITests" */ = {
			isa = XCConfigurationList;
			buildConfigurations = (
				BD2AFC501CD0579800622469 /* Debug */,
				BD2AFC511CD0579800622469 /* Release */,
			);
			defaultConfigurationIsVisible = 0;
			defaultConfigurationName = Release;
		};
/* End XCConfigurationList section */

/* Begin XCVersionGroup section */
		BD2AFC281CD0579800622469 /* People.xcdatamodeld */ = {
			isa = XCVersionGroup;
			children = (
				BD2AFC291CD0579800622469 /* People.xcdatamodel */,
			);
			currentVersion = BD2AFC291CD0579800622469 /* People.xcdatamodel */;
			path = People.xcdatamodeld;
			sourceTree = "<group>";
			versionGroupType = wrapper.xcdatamodel;
		};
/* End XCVersionGroup section */
	};
	rootObject = BD2AFC161CD0579800622469 /* Project object */;
}
